
Microsoft Visual Studio Solution File, Format Version 12.00
Project("{FAE04EC0-301F-11D3-BF4B-00C04F79EFBC}") = "Client", "Client\Client.csproj", "{96202061-5257-4F05-B85D-3552DD327A41}"
EndProject
Project("{FAE04EC0-301F-11D3-BF4B-00C04F79EFBC}") = "Server", "Server\Server.csproj", "{13E02768-2D76-43C1-923E-44147121B514}"
EndProject
Project("{FAE04EC0-301F-11D3-BF4B-00C04F79EFBC}") = "Shared", "Shared\Shared.csproj", "{E84D0088-93D8-4D8D-831C-D6C0201A917A}"
EndProject
Global
	GlobalSection(SolutionConfigurationPlatforms) = preSolution
		Debug|Any CPU = Debug|Any CPU
		Release|Any CPU = Release|Any CPU
	EndGlobalSection
	GlobalSection(ProjectConfigurationPlatforms) = postSolution
		{96202061-5257-4F05-B85D-3552DD327A41}.Debug|Any CPU.ActiveCfg = Debug|Any CPU
		{96202061-5257-4F05-B85D-3552DD327A41}.Debug|Any CPU.Build.0 = Debug|Any CPU
		{96202061-5257-4F05-B85D-3552DD327A41}.Release|Any CPU.ActiveCfg = Release|Any CPU
		{96202061-5257-4F05-B85D-3552DD327A41}.Release|Any CPU.Build.0 = Release|Any CPU
		{13E02768-2D76-43C1-923E-44147121B514}.Debug|Any CPU.ActiveCfg = Debug|Any CPU
		{13E02768-2D76-43C1-923E-44147121B514}.Debug|Any CPU.Build.0 = Debug|Any CPU
		{13E02768-2D76-43C1-923E-44147121B514}.Release|Any CPU.ActiveCfg = Release|Any CPU
		{13E02768-2D76-43C1-923E-44147121B514}.Release|Any CPU.Build.0 = Release|Any CPU
		{E84D0088-93D8-4D8D-831C-D6C0201A917A}.Debug|Any CPU.ActiveCfg = Debug|Any CPU
		{E84D0088-93D8-4D8D-831C-D6C0201A917A}.Debug|Any CPU.Build.0 = Debug|Any CPU
		{E84D0088-93D8-4D8D-831C-D6C0201A917A}.Release|Any CPU.ActiveCfg = Release|Any CPU
		{E84D0088-93D8-4D8D-831C-D6C0201A917A}.Release|Any CPU.Build.0 = Release|Any CPU
	EndGlobalSection
EndGlobal
